
Microsoft Visual Studio Solution File, Format Version 12.00
# Visual Studio Version 17
VisualStudioVersion = 17.3.32901.215
MinimumVisualStudioVersion = 10.0.40219.1
Project("{FAE04EC0-301F-11D3-BF4B-00C04F79EFBC}") = "EloTunes", "EloTunes\EloTunes.csproj", "{468D270C-2E56-4050-BE36-0842070499E6}"
EndProject
Global
	GlobalSection(SolutionConfigurationPlatforms) = preSolution
		Debug|Any CPU = Debug|Any CPU
		Release|Any CPU = Release|Any CPU
	EndGlobalSection
	GlobalSection(ProjectConfigurationPlatforms) = postSolution
		{468D270C-2E56-4050-BE36-0842070499E6}.Debug|Any CPU.ActiveCfg = Debug|Any CPU
		{468D270C-2E56-4050-BE36-0842070499E6}.Debug|Any CPU.Build.0 = Debug|Any CPU
		{468D270C-2E56-4050-BE36-0842070499E6}.Release|Any CPU.ActiveCfg = Release|Any CPU
		{468D270C-2E56-4050-BE36-0842070499E6}.Release|Any CPU.Build.0 = Release|Any CPU
	EndGlobalSection
	GlobalSection(SolutionProperties) = preSolution
		HideSolutionNode = FALSE
	EndGlobalSection
	GlobalSection(ExtensibilityGlobals) = postSolution
		SolutionGuid = {202B0B08-C818-41CE-81E5-EC80D257FDF8}
	EndGlobalSection
EndGlobal
